
Microsoft Visual Studio Solution File, Format Version 12.00
Project("{FAE04EC0-301F-11D3-BF4B-00C04F79EFBC}") = "FellSwoop.Game", "FellSwoop.Game\FellSwoop.Game.csproj", "{05CD39E0-A874-4B19-AE5A-E0186D1F3FC0}"
EndProject
Project("{FAE04EC0-301F-11D3-BF4B-00C04F79EFBC}") = "FellSwoop.Game.Tests", "FellSwoop.Game.Tests\FellSwoop.Game.Tests.csproj", "{6F5CB2A9-A089-4898-A21A-1F993B54E4CC}"
EndProject
Project("{FAE04EC0-301F-11D3-BF4B-00C04F79EFBC}") = "FellSwoop", "FellSwoop\FellSwoop.csproj", "{6B753F83-8665-44E3-AFC8-F6A6FB318396}"
EndProject
Global
	GlobalSection(SolutionConfigurationPlatforms) = preSolution
		Debug|Any CPU = Debug|Any CPU
		Release|Any CPU = Release|Any CPU
	EndGlobalSection
	GlobalSection(ProjectConfigurationPlatforms) = postSolution
		{05CD39E0-A874-4B19-AE5A-E0186D1F3FC0}.Debug|Any CPU.ActiveCfg = Debug|Any CPU
		{05CD39E0-A874-4B19-AE5A-E0186D1F3FC0}.Debug|Any CPU.Build.0 = Debug|Any CPU
		{05CD39E0-A874-4B19-AE5A-E0186D1F3FC0}.Release|Any CPU.ActiveCfg = Release|Any CPU
		{05CD39E0-A874-4B19-AE5A-E0186D1F3FC0}.Release|Any CPU.Build.0 = Release|Any CPU
		{6F5CB2A9-A089-4898-A21A-1F993B54E4CC}.Debug|Any CPU.ActiveCfg = Debug|Any CPU
		{6F5CB2A9-A089-4898-A21A-1F993B54E4CC}.Debug|Any CPU.Build.0 = Debug|Any CPU
		{6F5CB2A9-A089-4898-A21A-1F993B54E4CC}.Release|Any CPU.ActiveCfg = Release|Any CPU
		{6F5CB2A9-A089-4898-A21A-1F993B54E4CC}.Release|Any CPU.Build.0 = Release|Any CPU
		{6B753F83-8665-44E3-AFC8-F6A6FB318396}.Debug|Any CPU.ActiveCfg = Debug|Any CPU
		{6B753F83-8665-44E3-AFC8-F6A6FB318396}.Debug|Any CPU.Build.0 = Debug|Any CPU
		{6B753F83-8665-44E3-AFC8-F6A6FB318396}.Release|Any CPU.ActiveCfg = Release|Any CPU
		{6B753F83-8665-44E3-AFC8-F6A6FB318396}.Release|Any CPU.Build.0 = Release|Any CPU
	EndGlobalSection
EndGlobal
